// !$*UTF8*$!
{
	archiveVersion = 1;
	classes = {
	};
	objectVersion = 55;
	objects = {

/* Begin PBXBuildFile section */
		0766B79D294C0CB9D8BC69A3 /* Pods_AnimeAndManga.framework in Frameworks */ = {isa = PBXBuildFile; fileRef = 7E66468C8C0E3EEE5A4C4611 /* Pods_AnimeAndManga.framework */; };
		9C9D989E675232503C0DAF42 /* Pods_AnimeAndManga_AnimeAndMangaUITests.framework in Frameworks */ = {isa = PBXBuildFile; fileRef = 07C048B123A46E5D7F045ED5 /* Pods_AnimeAndManga_AnimeAndMangaUITests.framework */; };
		A4E923D68C670AE430741333 /* Pods_AnimeAndMangaTests.framework in Frameworks */ = {isa = PBXBuildFile; fileRef = 1893A0A0F4A3BD1F97555503 /* Pods_AnimeAndMangaTests.framework */; };
		C429F679280D0561007099B1 /* LoadingCell.swift in Sources */ = {isa = PBXBuildFile; fileRef = C429F678280D0561007099B1 /* LoadingCell.swift */; };
		C429F67B280D1A87007099B1 /* AddAnimeMangaVC.swift in Sources */ = {isa = PBXBuildFile; fileRef = C429F67A280D1A86007099B1 /* AddAnimeMangaVC.swift */; };
		C429F680280FA932007099B1 /* AddAnimeMangaVM.swift in Sources */ = {isa = PBXBuildFile; fileRef = C429F67F280FA932007099B1 /* AddAnimeMangaVM.swift */; };
		C429F685280FB373007099B1 /* UserDefaultManager.swift in Sources */ = {isa = PBXBuildFile; fileRef = C429F684280FB373007099B1 /* UserDefaultManager.swift */; };
		C429F68B2810F3BA007099B1 /* MangaRespModel.swift in Sources */ = {isa = PBXBuildFile; fileRef = C429F68A2810F3B9007099B1 /* MangaRespModel.swift */; };
		C429F68F2810FF44007099B1 /* AnimeNavigationController.swift in Sources */ = {isa = PBXBuildFile; fileRef = C429F68E2810FF44007099B1 /* AnimeNavigationController.swift */; };
		C429F6912811006D007099B1 /* MangaNavigationController.swift in Sources */ = {isa = PBXBuildFile; fileRef = C429F6902811006C007099B1 /* MangaNavigationController.swift */; };
		C42D5C212812401800CD3A96 /* AnimeMangaVMTests.swift in Sources */ = {isa = PBXBuildFile; fileRef = C42D5C202812401700CD3A96 /* AnimeMangaVMTests.swift */; };
		C4E90FA7280A9D500069F2FB /* AnimeMangaVC.swift in Sources */ = {isa = PBXBuildFile; fileRef = C4E90FA6280A9D500069F2FB /* AnimeMangaVC.swift */; };
		C4E90FAD280AA0CB0069F2FB /* APIManager.swift in Sources */ = {isa = PBXBuildFile; fileRef = C4E90FAC280AA0CB0069F2FB /* APIManager.swift */; };
		C4E90FB2280AB48C0069F2FB /* AnimeRespModel.swift in Sources */ = {isa = PBXBuildFile; fileRef = C4E90FB1280AB48C0069F2FB /* AnimeRespModel.swift */; };
		C4E90FB4280AF4CA0069F2FB /* AnimeMangaVM.swift in Sources */ = {isa = PBXBuildFile; fileRef = C4E90FB3280AF4CA0069F2FB /* AnimeMangaVM.swift */; };
		C4E90FB6280AF4DE0069F2FB /* AnimeMangaModel.swift in Sources */ = {isa = PBXBuildFile; fileRef = C4E90FB5280AF4DE0069F2FB /* AnimeMangaModel.swift */; };
		C4E90FB8280B0EA10069F2FB /* AnimeMangaCell.swift in Sources */ = {isa = PBXBuildFile; fileRef = C4E90FB7280B0EA10069F2FB /* AnimeMangaCell.swift */; };
		C4F142E8280A9838008797A8 /* AppDelegate.swift in Sources */ = {isa = PBXBuildFile; fileRef = C4F142E7280A9838008797A8 /* AppDelegate.swift */; };
		C4F142EA280A9838008797A8 /* SceneDelegate.swift in Sources */ = {isa = PBXBuildFile; fileRef = C4F142E9280A9838008797A8 /* SceneDelegate.swift */; };
		C4F142EF280A9838008797A8 /* Main.storyboard in Resources */ = {isa = PBXBuildFile; fileRef = C4F142ED280A9838008797A8 /* Main.storyboard */; };
		C4F142F1280A9840008797A8 /* Assets.xcassets in Resources */ = {isa = PBXBuildFile; fileRef = C4F142F0280A9840008797A8 /* Assets.xcassets */; };
		C4F142F4280A9840008797A8 /* LaunchScreen.storyboard in Resources */ = {isa = PBXBuildFile; fileRef = C4F142F2280A9840008797A8 /* LaunchScreen.storyboard */; };
		C4F142FF280A9841008797A8 /* AnimeAndMangaTests.swift in Sources */ = {isa = PBXBuildFile; fileRef = C4F142FE280A9841008797A8 /* AnimeAndMangaTests.swift */; };
		C4F14309280A9841008797A8 /* AnimeAndMangaUITests.swift in Sources */ = {isa = PBXBuildFile; fileRef = C4F14308280A9841008797A8 /* AnimeAndMangaUITests.swift */; };
		C4F1430B280A9841008797A8 /* AnimeAndMangaUITestsLaunchTests.swift in Sources */ = {isa = PBXBuildFile; fileRef = C4F1430A280A9841008797A8 /* AnimeAndMangaUITestsLaunchTests.swift */; };
/* End PBXBuildFile section */

/* Begin PBXContainerItemProxy section */
		C4F142FB280A9841008797A8 /* PBXContainerItemProxy */ = {
			isa = PBXContainerItemProxy;
			containerPortal = C4F142DC280A9838008797A8 /* Project object */;
			proxyType = 1;
			remoteGlobalIDString = C4F142E3280A9838008797A8;
			remoteInfo = AnimeAndManga;
		};
		C4F14305280A9841008797A8 /* PBXContainerItemProxy */ = {
			isa = PBXContainerItemProxy;
			containerPortal = C4F142DC280A9838008797A8 /* Project object */;
			proxyType = 1;
			remoteGlobalIDString = C4F142E3280A9838008797A8;
			remoteInfo = AnimeAndManga;
		};
/* End PBXContainerItemProxy section */

/* Begin PBXFileReference section */
		07C048B123A46E5D7F045ED5 /* Pods_AnimeAndManga_AnimeAndMangaUITests.framework */ = {isa = PBXFileReference; explicitFileType = wrapper.framework; includeInIndex = 0; path = Pods_AnimeAndManga_AnimeAndMangaUITests.framework; sourceTree = BUILT_PRODUCTS_DIR; };
		1893A0A0F4A3BD1F97555503 /* Pods_AnimeAndMangaTests.framework */ = {isa = PBXFileReference; explicitFileType = wrapper.framework; includeInIndex = 0; path = Pods_AnimeAndMangaTests.framework; sourceTree = BUILT_PRODUCTS_DIR; };
		220885EF3C7923F55C488AC0 /* Pods-AnimeAndMangaTests.release.xcconfig */ = {isa = PBXFileReference; includeInIndex = 1; lastKnownFileType = text.xcconfig; name = "Pods-AnimeAndMangaTests.release.xcconfig"; path = "Target Support Files/Pods-AnimeAndMangaTests/Pods-AnimeAndMangaTests.release.xcconfig"; sourceTree = "<group>"; };
		38DAC358B1F447EA3E34B6CB /* Pods-AnimeAndManga.debug.xcconfig */ = {isa = PBXFileReference; includeInIndex = 1; lastKnownFileType = text.xcconfig; name = "Pods-AnimeAndManga.debug.xcconfig"; path = "Target Support Files/Pods-AnimeAndManga/Pods-AnimeAndManga.debug.xcconfig"; sourceTree = "<group>"; };
		63E1AC59BE0AD5C26B51E060 /* Pods-AnimeAndManga.release.xcconfig */ = {isa = PBXFileReference; includeInIndex = 1; lastKnownFileType = text.xcconfig; name = "Pods-AnimeAndManga.release.xcconfig"; path = "Target Support Files/Pods-AnimeAndManga/Pods-AnimeAndManga.release.xcconfig"; sourceTree = "<group>"; };
		6D936AD969790E02FE31AC98 /* Pods-AnimeAndManga-AnimeAndMangaUITests.debug.xcconfig */ = {isa = PBXFileReference; includeInIndex = 1; lastKnownFileType = text.xcconfig; name = "Pods-AnimeAndManga-AnimeAndMangaUITests.debug.xcconfig"; path = "Target Support Files/Pods-AnimeAndManga-AnimeAndMangaUITests/Pods-AnimeAndManga-AnimeAndMangaUITests.debug.xcconfig"; sourceTree = "<group>"; };
		7E66468C8C0E3EEE5A4C4611 /* Pods_AnimeAndManga.framework */ = {isa = PBXFileReference; explicitFileType = wrapper.framework; includeInIndex = 0; path = Pods_AnimeAndManga.framework; sourceTree = BUILT_PRODUCTS_DIR; };
		C31B62BE0CEA0A3560B6A074 /* Pods-AnimeAndManga-AnimeAndMangaUITests.release.xcconfig */ = {isa = PBXFileReference; includeInIndex = 1; lastKnownFileType = text.xcconfig; name = "Pods-AnimeAndManga-AnimeAndMangaUITests.release.xcconfig"; path = "Target Support Files/Pods-AnimeAndManga-AnimeAndMangaUITests/Pods-AnimeAndManga-AnimeAndMangaUITests.release.xcconfig"; sourceTree = "<group>"; };
		C429F678280D0561007099B1 /* LoadingCell.swift */ = {isa = PBXFileReference; lastKnownFileType = sourcecode.swift; path = LoadingCell.swift; sourceTree = "<group>"; };
		C429F67A280D1A86007099B1 /* AddAnimeMangaVC.swift */ = {isa = PBXFileReference; lastKnownFileType = sourcecode.swift; path = AddAnimeMangaVC.swift; sourceTree = "<group>"; };
		C429F67F280FA932007099B1 /* AddAnimeMangaVM.swift */ = {isa = PBXFileReference; lastKnownFileType = sourcecode.swift; path = AddAnimeMangaVM.swift; sourceTree = "<group>"; };
		C429F684280FB373007099B1 /* UserDefaultManager.swift */ = {isa = PBXFileReference; lastKnownFileType = sourcecode.swift; path = UserDefaultManager.swift; sourceTree = "<group>"; };
		C429F68A2810F3B9007099B1 /* MangaRespModel.swift */ = {isa = PBXFileReference; lastKnownFileType = sourcecode.swift; path = MangaRespModel.swift; sourceTree = "<group>"; };
		C429F68E2810FF44007099B1 /* AnimeNavigationController.swift */ = {isa = PBXFileReference; lastKnownFileType = sourcecode.swift; path = AnimeNavigationController.swift; sourceTree = "<group>"; };
		C429F6902811006C007099B1 /* MangaNavigationController.swift */ = {isa = PBXFileReference; lastKnownFileType = sourcecode.swift; path = MangaNavigationController.swift; sourceTree = "<group>"; };
		C42D5C202812401700CD3A96 /* AnimeMangaVMTests.swift */ = {isa = PBXFileReference; lastKnownFileType = sourcecode.swift; path = AnimeMangaVMTests.swift; sourceTree = "<group>"; };
		C4E90FA6280A9D500069F2FB /* AnimeMangaVC.swift */ = {isa = PBXFileReference; lastKnownFileType = sourcecode.swift; path = AnimeMangaVC.swift; sourceTree = "<group>"; };
		C4E90FAC280AA0CB0069F2FB /* APIManager.swift */ = {isa = PBXFileReference; lastKnownFileType = sourcecode.swift; path = APIManager.swift; sourceTree = "<group>"; };
		C4E90FB1280AB48C0069F2FB /* AnimeRespModel.swift */ = {isa = PBXFileReference; lastKnownFileType = sourcecode.swift; path = AnimeRespModel.swift; sourceTree = "<group>"; };
		C4E90FB3280AF4CA0069F2FB /* AnimeMangaVM.swift */ = {isa = PBXFileReference; lastKnownFileType = sourcecode.swift; path = AnimeMangaVM.swift; sourceTree = "<group>"; };
		C4E90FB5280AF4DE0069F2FB /* AnimeMangaModel.swift */ = {isa = PBXFileReference; lastKnownFileType = sourcecode.swift; path = AnimeMangaModel.swift; sourceTree = "<group>"; };
		C4E90FB7280B0EA10069F2FB /* AnimeMangaCell.swift */ = {isa = PBXFileReference; lastKnownFileType = sourcecode.swift; path = AnimeMangaCell.swift; sourceTree = "<group>"; };
		C4F142E4280A9838008797A8 /* AnimeAndManga.app */ = {isa = PBXFileReference; explicitFileType = wrapper.application; includeInIndex = 0; path = AnimeAndManga.app; sourceTree = BUILT_PRODUCTS_DIR; };
		C4F142E7280A9838008797A8 /* AppDelegate.swift */ = {isa = PBXFileReference; lastKnownFileType = sourcecode.swift; path = AppDelegate.swift; sourceTree = "<group>"; };
		C4F142E9280A9838008797A8 /* SceneDelegate.swift */ = {isa = PBXFileReference; lastKnownFileType = sourcecode.swift; path = SceneDelegate.swift; sourceTree = "<group>"; };
		C4F142EE280A9838008797A8 /* Base */ = {isa = PBXFileReference; lastKnownFileType = file.storyboard; name = Base; path = Base.lproj/Main.storyboard; sourceTree = "<group>"; };
		C4F142F0280A9840008797A8 /* Assets.xcassets */ = {isa = PBXFileReference; lastKnownFileType = folder.assetcatalog; path = Assets.xcassets; sourceTree = "<group>"; };
		C4F142F3280A9840008797A8 /* Base */ = {isa = PBXFileReference; lastKnownFileType = file.storyboard; name = Base; path = Base.lproj/LaunchScreen.storyboard; sourceTree = "<group>"; };
		C4F142F5280A9840008797A8 /* Info.plist */ = {isa = PBXFileReference; lastKnownFileType = text.plist.xml; path = Info.plist; sourceTree = "<group>"; };
		C4F142FA280A9841008797A8 /* AnimeAndMangaTests.xctest */ = {isa = PBXFileReference; explicitFileType = wrapper.cfbundle; includeInIndex = 0; path = AnimeAndMangaTests.xctest; sourceTree = BUILT_PRODUCTS_DIR; };
		C4F142FE280A9841008797A8 /* AnimeAndMangaTests.swift */ = {isa = PBXFileReference; lastKnownFileType = sourcecode.swift; path = AnimeAndMangaTests.swift; sourceTree = "<group>"; };
		C4F14304280A9841008797A8 /* AnimeAndMangaUITests.xctest */ = {isa = PBXFileReference; explicitFileType = wrapper.cfbundle; includeInIndex = 0; path = AnimeAndMangaUITests.xctest; sourceTree = BUILT_PRODUCTS_DIR; };
		C4F14308280A9841008797A8 /* AnimeAndMangaUITests.swift */ = {isa = PBXFileReference; lastKnownFileType = sourcecode.swift; path = AnimeAndMangaUITests.swift; sourceTree = "<group>"; };
		C4F1430A280A9841008797A8 /* AnimeAndMangaUITestsLaunchTests.swift */ = {isa = PBXFileReference; lastKnownFileType = sourcecode.swift; path = AnimeAndMangaUITestsLaunchTests.swift; sourceTree = "<group>"; };
		D76132184B5F7BAECE028FB2 /* Pods-AnimeAndMangaTests.debug.xcconfig */ = {isa = PBXFileReference; includeInIndex = 1; lastKnownFileType = text.xcconfig; name = "Pods-AnimeAndMangaTests.debug.xcconfig"; path = "Target Support Files/Pods-AnimeAndMangaTests/Pods-AnimeAndMangaTests.debug.xcconfig"; sourceTree = "<group>"; };
/* End PBXFileReference section */

/* Begin PBXFrameworksBuildPhase section */
		C4F142E1280A9838008797A8 /* Frameworks */ = {
			isa = PBXFrameworksBuildPhase;
			buildActionMask = 2147483647;
			files = (
				0766B79D294C0CB9D8BC69A3 /* Pods_AnimeAndManga.framework in Frameworks */,
			);
			runOnlyForDeploymentPostprocessing = 0;
		};
		C4F142F7280A9841008797A8 /* Frameworks */ = {
			isa = PBXFrameworksBuildPhase;
			buildActionMask = 2147483647;
			files = (
				A4E923D68C670AE430741333 /* Pods_AnimeAndMangaTests.framework in Frameworks */,
			);
			runOnlyForDeploymentPostprocessing = 0;
		};
		C4F14301280A9841008797A8 /* Frameworks */ = {
			isa = PBXFrameworksBuildPhase;
			buildActionMask = 2147483647;
			files = (
				9C9D989E675232503C0DAF42 /* Pods_AnimeAndManga_AnimeAndMangaUITests.framework in Frameworks */,
			);
			runOnlyForDeploymentPostprocessing = 0;
		};
/* End PBXFrameworksBuildPhase section */

/* Begin PBXGroup section */
		85791F08A0B96E57D157BEF0 /* Pods */ = {
			isa = PBXGroup;
			children = (
				38DAC358B1F447EA3E34B6CB /* Pods-AnimeAndManga.debug.xcconfig */,
				63E1AC59BE0AD5C26B51E060 /* Pods-AnimeAndManga.release.xcconfig */,
				6D936AD969790E02FE31AC98 /* Pods-AnimeAndManga-AnimeAndMangaUITests.debug.xcconfig */,
				C31B62BE0CEA0A3560B6A074 /* Pods-AnimeAndManga-AnimeAndMangaUITests.release.xcconfig */,
				D76132184B5F7BAECE028FB2 /* Pods-AnimeAndMangaTests.debug.xcconfig */,
				220885EF3C7923F55C488AC0 /* Pods-AnimeAndMangaTests.release.xcconfig */,
			);
			path = Pods;
			sourceTree = "<group>";
		};
		B0831B01A625F1318ACDC0C7 /* Frameworks */ = {
			isa = PBXGroup;
			children = (
				7E66468C8C0E3EEE5A4C4611 /* Pods_AnimeAndManga.framework */,
				07C048B123A46E5D7F045ED5 /* Pods_AnimeAndManga_AnimeAndMangaUITests.framework */,
				1893A0A0F4A3BD1F97555503 /* Pods_AnimeAndMangaTests.framework */,
			);
			name = Frameworks;
			sourceTree = "<group>";
		};
		C429F67E280FA8F0007099B1 /* AddAnimeManga */ = {
			isa = PBXGroup;
			children = (
				C429F67A280D1A86007099B1 /* AddAnimeMangaVC.swift */,
				C429F67F280FA932007099B1 /* AddAnimeMangaVM.swift */,
			);
			path = AddAnimeManga;
			sourceTree = "<group>";
		};
		C4E90FAB280AA0760069F2FB /* AnimeManga */ = {
			isa = PBXGroup;
			children = (
				C429F6902811006C007099B1 /* MangaNavigationController.swift */,
				C429F68E2810FF44007099B1 /* AnimeNavigationController.swift */,
				C4E90FA6280A9D500069F2FB /* AnimeMangaVC.swift */,
				C4E90FB3280AF4CA0069F2FB /* AnimeMangaVM.swift */,
				C4E90FB5280AF4DE0069F2FB /* AnimeMangaModel.swift */,
				C4E90FB7280B0EA10069F2FB /* AnimeMangaCell.swift */,
				C429F678280D0561007099B1 /* LoadingCell.swift */,
			);
			path = AnimeManga;
			sourceTree = "<group>";
		};
		C4E90FAE280AB2020069F2FB /* ResponseModel */ = {
			isa = PBXGroup;
			children = (
				C4E90FB1280AB48C0069F2FB /* AnimeRespModel.swift */,
				C429F68A2810F3B9007099B1 /* MangaRespModel.swift */,
			);
			path = ResponseModel;
			sourceTree = "<group>";
		};
		C4E90FAF280AB20D0069F2FB /* Manager */ = {
			isa = PBXGroup;
			children = (
				C4E90FAC280AA0CB0069F2FB /* APIManager.swift */,
				C429F684280FB373007099B1 /* UserDefaultManager.swift */,
			);
			path = Manager;
			sourceTree = "<group>";
		};
		C4F142DB280A9838008797A8 = {
			isa = PBXGroup;
			children = (
				C4F142E6280A9838008797A8 /* AnimeAndManga */,
				C4F142FD280A9841008797A8 /* AnimeAndMangaTests */,
				C4F14307280A9841008797A8 /* AnimeAndMangaUITests */,
				C4F142E5280A9838008797A8 /* Products */,
				85791F08A0B96E57D157BEF0 /* Pods */,
				B0831B01A625F1318ACDC0C7 /* Frameworks */,
			);
			sourceTree = "<group>";
		};
		C4F142E5280A9838008797A8 /* Products */ = {
			isa = PBXGroup;
			children = (
				C4F142E4280A9838008797A8 /* AnimeAndManga.app */,
				C4F142FA280A9841008797A8 /* AnimeAndMangaTests.xctest */,
				C4F14304280A9841008797A8 /* AnimeAndMangaUITests.xctest */,
			);
			name = Products;
			sourceTree = "<group>";
		};
		C4F142E6280A9838008797A8 /* AnimeAndManga */ = {
			isa = PBXGroup;
			children = (
				C4F142E7280A9838008797A8 /* AppDelegate.swift */,
				C4F142E9280A9838008797A8 /* SceneDelegate.swift */,
				C4E90FAF280AB20D0069F2FB /* Manager */,
				C4E90FAE280AB2020069F2FB /* ResponseModel */,
				C4E90FAB280AA0760069F2FB /* AnimeManga */,
				C429F67E280FA8F0007099B1 /* AddAnimeManga */,
				C4F142ED280A9838008797A8 /* Main.storyboard */,
				C4F142F0280A9840008797A8 /* Assets.xcassets */,
				C4F142F2280A9840008797A8 /* LaunchScreen.storyboard */,
				C4F142F5280A9840008797A8 /* Info.plist */,
			);
			path = AnimeAndManga;
			sourceTree = "<group>";
		};
		C4F142FD280A9841008797A8 /* AnimeAndMangaTests */ = {
			isa = PBXGroup;
			children = (
				C4F142FE280A9841008797A8 /* AnimeAndMangaTests.swift */,
				C42D5C202812401700CD3A96 /* AnimeMangaVMTests.swift */,
			);
			path = AnimeAndMangaTests;
			sourceTree = "<group>";
		};
		C4F14307280A9841008797A8 /* AnimeAndMangaUITests */ = {
			isa = PBXGroup;
			children = (
				C4F14308280A9841008797A8 /* AnimeAndMangaUITests.swift */,
				C4F1430A280A9841008797A8 /* AnimeAndMangaUITestsLaunchTests.swift */,
			);
			path = AnimeAndMangaUITests;
			sourceTree = "<group>";
		};
/* End PBXGroup section */

/* Begin PBXNativeTarget section */
		C4F142E3280A9838008797A8 /* AnimeAndManga */ = {
			isa = PBXNativeTarget;
			buildConfigurationList = C4F1430E280A9841008797A8 /* Build configuration list for PBXNativeTarget "AnimeAndManga" */;
			buildPhases = (
				0133412AC8F3630759679D96 /* [CP] Check Pods Manifest.lock */,
				C4F142E0280A9838008797A8 /* Sources */,
				C4F142E1280A9838008797A8 /* Frameworks */,
				C4F142E2280A9838008797A8 /* Resources */,
				AFDD0469A74C14A1A1E4F235 /* [CP] Embed Pods Frameworks */,
			);
			buildRules = (
			);
			dependencies = (
			);
			name = AnimeAndManga;
			productName = AnimeAndManga;
			productReference = C4F142E4280A9838008797A8 /* AnimeAndManga.app */;
			productType = "com.apple.product-type.application";
		};
		C4F142F9280A9841008797A8 /* AnimeAndMangaTests */ = {
			isa = PBXNativeTarget;
			buildConfigurationList = C4F14311280A9841008797A8 /* Build configuration list for PBXNativeTarget "AnimeAndMangaTests" */;
			buildPhases = (
				54CD3764784F68FCC33EAB5C /* [CP] Check Pods Manifest.lock */,
				C4F142F6280A9841008797A8 /* Sources */,
				C4F142F7280A9841008797A8 /* Frameworks */,
				C4F142F8280A9841008797A8 /* Resources */,
			);
			buildRules = (
			);
			dependencies = (
				C4F142FC280A9841008797A8 /* PBXTargetDependency */,
			);
			name = AnimeAndMangaTests;
			productName = AnimeAndMangaTests;
			productReference = C4F142FA280A9841008797A8 /* AnimeAndMangaTests.xctest */;
			productType = "com.apple.product-type.bundle.unit-test";
		};
		C4F14303280A9841008797A8 /* AnimeAndMangaUITests */ = {
			isa = PBXNativeTarget;
			buildConfigurationList = C4F14314280A9841008797A8 /* Build configuration list for PBXNativeTarget "AnimeAndMangaUITests" */;
			buildPhases = (
				BF05ED86EA3A7FEBF037109D /* [CP] Check Pods Manifest.lock */,
				C4F14300280A9841008797A8 /* Sources */,
				C4F14301280A9841008797A8 /* Frameworks */,
				C4F14302280A9841008797A8 /* Resources */,
				578B2089F9772642A9A84128 /* [CP] Embed Pods Frameworks */,
			);
			buildRules = (
			);
			dependencies = (
				C4F14306280A9841008797A8 /* PBXTargetDependency */,
			);
			name = AnimeAndMangaUITests;
			productName = AnimeAndMangaUITests;
			productReference = C4F14304280A9841008797A8 /* AnimeAndMangaUITests.xctest */;
			productType = "com.apple.product-type.bundle.ui-testing";
		};
/* End PBXNativeTarget section */

/* Begin PBXProject section */
		C4F142DC280A9838008797A8 /* Project object */ = {
			isa = PBXProject;
			attributes = {
				BuildIndependentTargetsInParallel = 1;
				LastSwiftUpdateCheck = 1310;
				LastUpgradeCheck = 1310;
				TargetAttributes = {
					C4F142E3280A9838008797A8 = {
						CreatedOnToolsVersion = 13.1;
					};
					C4F142F9280A9841008797A8 = {
						CreatedOnToolsVersion = 13.1;
						TestTargetID = C4F142E3280A9838008797A8;
					};
					C4F14303280A9841008797A8 = {
						CreatedOnToolsVersion = 13.1;
						TestTargetID = C4F142E3280A9838008797A8;
					};
				};
			};
			buildConfigurationList = C4F142DF280A9838008797A8 /* Build configuration list for PBXProject "AnimeAndManga" */;
			compatibilityVersion = "Xcode 13.0";
			developmentRegion = en;
			hasScannedForEncodings = 0;
			knownRegions = (
				en,
				Base,
			);
			mainGroup = C4F142DB280A9838008797A8;
			productRefGroup = C4F142E5280A9838008797A8 /* Products */;
			projectDirPath = "";
			projectRoot = "";
			targets = (
				C4F142E3280A9838008797A8 /* AnimeAndManga */,
				C4F142F9280A9841008797A8 /* AnimeAndMangaTests */,
				C4F14303280A9841008797A8 /* AnimeAndMangaUITests */,
			);
		};
/* End PBXProject section */

/* Begin PBXResourcesBuildPhase section */
		C4F142E2280A9838008797A8 /* Resources */ = {
			isa = PBXResourcesBuildPhase;
			buildActionMask = 2147483647;
			files = (
				C4F142F4280A9840008797A8 /* LaunchScreen.storyboard in Resources */,
				C4F142F1280A9840008797A8 /* Assets.xcassets in Resources */,
				C4F142EF280A9838008797A8 /* Main.storyboard in Resources */,
			);
			runOnlyForDeploymentPostprocessing = 0;
		};
		C4F142F8280A9841008797A8 /* Resources */ = {
			isa = PBXResourcesBuildPhase;
			buildActionMask = 2147483647;
			files = (
			);
			runOnlyForDeploymentPostprocessing = 0;
		};
		C4F14302280A9841008797A8 /* Resources */ = {
			isa = PBXResourcesBuildPhase;
			buildActionMask = 2147483647;
			files = (
			);
			runOnlyForDeploymentPostprocessing = 0;
		};
/* End PBXResourcesBuildPhase section */

/* Begin PBXShellScriptBuildPhase section */
		0133412AC8F3630759679D96 /* [CP] Check Pods Manifest.lock */ = {
			isa = PBXShellScriptBuildPhase;
			buildActionMask = 2147483647;
			files = (
			);
			inputFileListPaths = (
			);
			inputPaths = (
				"${PODS_PODFILE_DIR_PATH}/Podfile.lock",
				"${PODS_ROOT}/Manifest.lock",
			);
			name = "[CP] Check Pods Manifest.lock";
			outputFileListPaths = (
			);
			outputPaths = (
				"$(DERIVED_FILE_DIR)/Pods-AnimeAndManga-checkManifestLockResult.txt",
			);
			runOnlyForDeploymentPostprocessing = 0;
			shellPath = /bin/sh;
			shellScript = "diff \"${PODS_PODFILE_DIR_PATH}/Podfile.lock\" \"${PODS_ROOT}/Manifest.lock\" > /dev/null\nif [ $? != 0 ] ; then\n    # print error to STDERR\n    echo \"error: The sandbox is not in sync with the Podfile.lock. Run 'pod install' or update your CocoaPods installation.\" >&2\n    exit 1\nfi\n# This output is used by Xcode 'outputs' to avoid re-running this script phase.\necho \"SUCCESS\" > \"${SCRIPT_OUTPUT_FILE_0}\"\n";
			showEnvVarsInLog = 0;
		};
		54CD3764784F68FCC33EAB5C /* [CP] Check Pods Manifest.lock */ = {
			isa = PBXShellScriptBuildPhase;
			buildActionMask = 2147483647;
			files = (
			);
			inputFileListPaths = (
			);
			inputPaths = (
				"${PODS_PODFILE_DIR_PATH}/Podfile.lock",
				"${PODS_ROOT}/Manifest.lock",
			);
			name = "[CP] Check Pods Manifest.lock";
			outputFileListPaths = (
			);
			outputPaths = (
				"$(DERIVED_FILE_DIR)/Pods-AnimeAndMangaTests-checkManifestLockResult.txt",
			);
			runOnlyForDeploymentPostprocessing = 0;
			shellPath = /bin/sh;
			shellScript = "diff \"${PODS_PODFILE_DIR_PATH}/Podfile.lock\" \"${PODS_ROOT}/Manifest.lock\" > /dev/null\nif [ $? != 0 ] ; then\n    # print error to STDERR\n    echo \"error: The sandbox is not in sync with the Podfile.lock. Run 'pod install' or update your CocoaPods installation.\" >&2\n    exit 1\nfi\n# This output is used by Xcode 'outputs' to avoid re-running this script phase.\necho \"SUCCESS\" > \"${SCRIPT_OUTPUT_FILE_0}\"\n";
			showEnvVarsInLog = 0;
		};
		578B2089F9772642A9A84128 /* [CP] Embed Pods Frameworks */ = {
			isa = PBXShellScriptBuildPhase;
			buildActionMask = 2147483647;
			files = (
			);
			inputFileListPaths = (
				"${PODS_ROOT}/Target Support Files/Pods-AnimeAndManga-AnimeAndMangaUITests/Pods-AnimeAndManga-AnimeAndMangaUITests-frameworks-${CONFIGURATION}-input-files.xcfilelist",
			);
			name = "[CP] Embed Pods Frameworks";
			outputFileListPaths = (
				"${PODS_ROOT}/Target Support Files/Pods-AnimeAndManga-AnimeAndMangaUITests/Pods-AnimeAndManga-AnimeAndMangaUITests-frameworks-${CONFIGURATION}-output-files.xcfilelist",
			);
			runOnlyForDeploymentPostprocessing = 0;
			shellPath = /bin/sh;
			shellScript = "\"${PODS_ROOT}/Target Support Files/Pods-AnimeAndManga-AnimeAndMangaUITests/Pods-AnimeAndManga-AnimeAndMangaUITests-frameworks.sh\"\n";
			showEnvVarsInLog = 0;
		};
		AFDD0469A74C14A1A1E4F235 /* [CP] Embed Pods Frameworks */ = {
			isa = PBXShellScriptBuildPhase;
			buildActionMask = 2147483647;
			files = (
			);
			inputFileListPaths = (
				"${PODS_ROOT}/Target Support Files/Pods-AnimeAndManga/Pods-AnimeAndManga-frameworks-${CONFIGURATION}-input-files.xcfilelist",
			);
			name = "[CP] Embed Pods Frameworks";
			outputFileListPaths = (
				"${PODS_ROOT}/Target Support Files/Pods-AnimeAndManga/Pods-AnimeAndManga-frameworks-${CONFIGURATION}-output-files.xcfilelist",
			);
			runOnlyForDeploymentPostprocessing = 0;
			shellPath = /bin/sh;
			shellScript = "\"${PODS_ROOT}/Target Support Files/Pods-AnimeAndManga/Pods-AnimeAndManga-frameworks.sh\"\n";
			showEnvVarsInLog = 0;
		};
		BF05ED86EA3A7FEBF037109D /* [CP] Check Pods Manifest.lock */ = {
			isa = PBXShellScriptBuildPhase;
			buildActionMask = 2147483647;
			files = (
			);
			inputFileListPaths = (
			);
			inputPaths = (
				"${PODS_PODFILE_DIR_PATH}/Podfile.lock",
				"${PODS_ROOT}/Manifest.lock",
			);
			name = "[CP] Check Pods Manifest.lock";
			outputFileListPaths = (
			);
			outputPaths = (
				"$(DERIVED_FILE_DIR)/Pods-AnimeAndManga-AnimeAndMangaUITests-checkManifestLockResult.txt",
			);
			runOnlyForDeploymentPostprocessing = 0;
			shellPath = /bin/sh;
			shellScript = "diff \"${PODS_PODFILE_DIR_PATH}/Podfile.lock\" \"${PODS_ROOT}/Manifest.lock\" > /dev/null\nif [ $? != 0 ] ; then\n    # print error to STDERR\n    echo \"error: The sandbox is not in sync with the Podfile.lock. Run 'pod install' or update your CocoaPods installation.\" >&2\n    exit 1\nfi\n# This output is used by Xcode 'outputs' to avoid re-running this script phase.\necho \"SUCCESS\" > \"${SCRIPT_OUTPUT_FILE_0}\"\n";
			showEnvVarsInLog = 0;
		};
/* End PBXShellScriptBuildPhase section */

/* Begin PBXSourcesBuildPhase section */
		C4F142E0280A9838008797A8 /* Sources */ = {
			isa = PBXSourcesBuildPhase;
			buildActionMask = 2147483647;
			files = (
				C429F680280FA932007099B1 /* AddAnimeMangaVM.swift in Sources */,
				C429F67B280D1A87007099B1 /* AddAnimeMangaVC.swift in Sources */,
				C4E90FB4280AF4CA0069F2FB /* AnimeMangaVM.swift in Sources */,
				C4F142E8280A9838008797A8 /* AppDelegate.swift in Sources */,
				C4E90FAD280AA0CB0069F2FB /* APIManager.swift in Sources */,
				C429F685280FB373007099B1 /* UserDefaultManager.swift in Sources */,
				C429F68F2810FF44007099B1 /* AnimeNavigationController.swift in Sources */,
				C429F679280D0561007099B1 /* LoadingCell.swift in Sources */,
				C4F142EA280A9838008797A8 /* SceneDelegate.swift in Sources */,
				C429F68B2810F3BA007099B1 /* MangaRespModel.swift in Sources */,
				C429F6912811006D007099B1 /* MangaNavigationController.swift in Sources */,
				C4E90FB2280AB48C0069F2FB /* AnimeRespModel.swift in Sources */,
				C4E90FB6280AF4DE0069F2FB /* AnimeMangaModel.swift in Sources */,
				C4E90FA7280A9D500069F2FB /* AnimeMangaVC.swift in Sources */,
				C4E90FB8280B0EA10069F2FB /* AnimeMangaCell.swift in Sources */,
			);
			runOnlyForDeploymentPostprocessing = 0;
		};
		C4F142F6280A9841008797A8 /* Sources */ = {
			isa = PBXSourcesBuildPhase;
			buildActionMask = 2147483647;
			files = (
				C42D5C212812401800CD3A96 /* AnimeMangaVMTests.swift in Sources */,
				C4F142FF280A9841008797A8 /* AnimeAndMangaTests.swift in Sources */,
			);
			runOnlyForDeploymentPostprocessing = 0;
		};
		C4F14300280A9841008797A8 /* Sources */ = {
			isa = PBXSourcesBuildPhase;
			buildActionMask = 2147483647;
			files = (
				C4F1430B280A9841008797A8 /* AnimeAndMangaUITestsLaunchTests.swift in Sources */,
				C4F14309280A9841008797A8 /* AnimeAndMangaUITests.swift in Sources */,
			);
			runOnlyForDeploymentPostprocessing = 0;
		};
/* End PBXSourcesBuildPhase section */

/* Begin PBXTargetDependency section */
		C4F142FC280A9841008797A8 /* PBXTargetDependency */ = {
			isa = PBXTargetDependency;
			target = C4F142E3280A9838008797A8 /* AnimeAndManga */;
			targetProxy = C4F142FB280A9841008797A8 /* PBXContainerItemProxy */;
		};
		C4F14306280A9841008797A8 /* PBXTargetDependency */ = {
			isa = PBXTargetDependency;
			target = C4F142E3280A9838008797A8 /* AnimeAndManga */;
			targetProxy = C4F14305280A9841008797A8 /* PBXContainerItemProxy */;
		};
/* End PBXTargetDependency section */

/* Begin PBXVariantGroup section */
		C4F142ED280A9838008797A8 /* Main.storyboard */ = {
			isa = PBXVariantGroup;
			children = (
				C4F142EE280A9838008797A8 /* Base */,
			);
			name = Main.storyboard;
			sourceTree = "<group>";
		};
		C4F142F2280A9840008797A8 /* LaunchScreen.storyboard */ = {
			isa = PBXVariantGroup;
			children = (
				C4F142F3280A9840008797A8 /* Base */,
			);
			name = LaunchScreen.storyboard;
			sourceTree = "<group>";
		};
/* End PBXVariantGroup section */

/* Begin XCBuildConfiguration section */
		C4F1430C280A9841008797A8 /* Debug */ = {
			isa = XCBuildConfiguration;
			buildSettings = {
				ALWAYS_SEARCH_USER_PATHS = NO;
				CLANG_ANALYZER_NONNULL = YES;
				CLANG_ANALYZER_NUMBER_OBJECT_CONVERSION = YES_AGGRESSIVE;
				CLANG_CXX_LANGUAGE_STANDARD = "gnu++17";
				CLANG_CXX_LIBRARY = "libc++";
				CLANG_ENABLE_MODULES = YES;
				CLANG_ENABLE_OBJC_ARC = YES;
				CLANG_ENABLE_OBJC_WEAK = YES;
				CLANG_WARN_BLOCK_CAPTURE_AUTORELEASING = YES;
				CLANG_WARN_BOOL_CONVERSION = YES;
				CLANG_WARN_COMMA = YES;
				CLANG_WARN_CONSTANT_CONVERSION = YES;
				CLANG_WARN_DEPRECATED_OBJC_IMPLEMENTATIONS = YES;
				CLANG_WARN_DIRECT_OBJC_ISA_USAGE = YES_ERROR;
				CLANG_WARN_DOCUMENTATION_COMMENTS = YES;
				CLANG_WARN_EMPTY_BODY = YES;
				CLANG_WARN_ENUM_CONVERSION = YES;
				CLANG_WARN_INFINITE_RECURSION = YES;
				CLANG_WARN_INT_CONVERSION = YES;
				CLANG_WARN_NON_LITERAL_NULL_CONVERSION = YES;
				CLANG_WARN_OBJC_IMPLICIT_RETAIN_SELF = YES;
				CLANG_WARN_OBJC_LITERAL_CONVERSION = YES;
				CLANG_WARN_OBJC_ROOT_CLASS = YES_ERROR;
				CLANG_WARN_QUOTED_INCLUDE_IN_FRAMEWORK_HEADER = YES;
				CLANG_WARN_RANGE_LOOP_ANALYSIS = YES;
				CLANG_WARN_STRICT_PROTOTYPES = YES;
				CLANG_WARN_SUSPICIOUS_MOVE = YES;
				CLANG_WARN_UNGUARDED_AVAILABILITY = YES_AGGRESSIVE;
				CLANG_WARN_UNREACHABLE_CODE = YES;
				CLANG_WARN__DUPLICATE_METHOD_MATCH = YES;
				COPY_PHASE_STRIP = NO;
				DEBUG_INFORMATION_FORMAT = dwarf;
				ENABLE_STRICT_OBJC_MSGSEND = YES;
				ENABLE_TESTABILITY = YES;
				GCC_C_LANGUAGE_STANDARD = gnu11;
				GCC_DYNAMIC_NO_PIC = NO;
				GCC_NO_COMMON_BLOCKS = YES;
				GCC_OPTIMIZATION_LEVEL = 0;
				GCC_PREPROCESSOR_DEFINITIONS = (
					"DEBUG=1",
					"$(inherited)",
				);
				GCC_WARN_64_TO_32_BIT_CONVERSION = YES;
				GCC_WARN_ABOUT_RETURN_TYPE = YES_ERROR;
				GCC_WARN_UNDECLARED_SELECTOR = YES;
				GCC_WARN_UNINITIALIZED_AUTOS = YES_AGGRESSIVE;
				GCC_WARN_UNUSED_FUNCTION = YES;
				GCC_WARN_UNUSED_VARIABLE = YES;
				IPHONEOS_DEPLOYMENT_TARGET = 13.0;
				MTL_ENABLE_DEBUG_INFO = INCLUDE_SOURCE;
				MTL_FAST_MATH = YES;
				ONLY_ACTIVE_ARCH = YES;
				SDKROOT = iphoneos;
				SWIFT_ACTIVE_COMPILATION_CONDITIONS = DEBUG;
				SWIFT_OPTIMIZATION_LEVEL = "-Onone";
			};
			name = Debug;
		};
		C4F1430D280A9841008797A8 /* Release */ = {
			isa = XCBuildConfiguration;
			buildSettings = {
				ALWAYS_SEARCH_USER_PATHS = NO;
				CLANG_ANALYZER_NONNULL = YES;
				CLANG_ANALYZER_NUMBER_OBJECT_CONVERSION = YES_AGGRESSIVE;
				CLANG_CXX_LANGUAGE_STANDARD = "gnu++17";
				CLANG_CXX_LIBRARY = "libc++";
				CLANG_ENABLE_MODULES = YES;
				CLANG_ENABLE_OBJC_ARC = YES;
				CLANG_ENABLE_OBJC_WEAK = YES;
				CLANG_WARN_BLOCK_CAPTURE_AUTORELEASING = YES;
				CLANG_WARN_BOOL_CONVERSION = YES;
				CLANG_WARN_COMMA = YES;
				CLANG_WARN_CONSTANT_CONVERSION = YES;
				CLANG_WARN_DEPRECATED_OBJC_IMPLEMENTATIONS = YES;
				CLANG_WARN_DIRECT_OBJC_ISA_USAGE = YES_ERROR;
				CLANG_WARN_DOCUMENTATION_COMMENTS = YES;
				CLANG_WARN_EMPTY_BODY = YES;
				CLANG_WARN_ENUM_CONVERSION = YES;
				CLANG_WARN_INFINITE_RECURSION = YES;
				CLANG_WARN_INT_CONVERSION = YES;
				CLANG_WARN_NON_LITERAL_NULL_CONVERSION = YES;
				CLANG_WARN_OBJC_IMPLICIT_RETAIN_SELF = YES;
				CLANG_WARN_OBJC_LITERAL_CONVERSION = YES;
				CLANG_WARN_OBJC_ROOT_CLASS = YES_ERROR;
				CLANG_WARN_QUOTED_INCLUDE_IN_FRAMEWORK_HEADER = YES;
				CLANG_WARN_RANGE_LOOP_ANALYSIS = YES;
				CLANG_WARN_STRICT_PROTOTYPES = YES;
				CLANG_WARN_SUSPICIOUS_MOVE = YES;
				CLANG_WARN_UNGUARDED_AVAILABILITY = YES_AGGRESSIVE;
				CLANG_WARN_UNREACHABLE_CODE = YES;
				CLANG_WARN__DUPLICATE_METHOD_MATCH = YES;
				COPY_PHASE_STRIP = NO;
				DEBUG_INFORMATION_FORMAT = "dwarf-with-dsym";
				ENABLE_NS_ASSERTIONS = NO;
				ENABLE_STRICT_OBJC_MSGSEND = YES;
				GCC_C_LANGUAGE_STANDARD = gnu11;
				GCC_NO_COMMON_BLOCKS = YES;
				GCC_WARN_64_TO_32_BIT_CONVERSION = YES;
				GCC_WARN_ABOUT_RETURN_TYPE = YES_ERROR;
				GCC_WARN_UNDECLARED_SELECTOR = YES;
				GCC_WARN_UNINITIALIZED_AUTOS = YES_AGGRESSIVE;
				GCC_WARN_UNUSED_FUNCTION = YES;
				GCC_WARN_UNUSED_VARIABLE = YES;
				IPHONEOS_DEPLOYMENT_TARGET = 13.0;
				MTL_ENABLE_DEBUG_INFO = NO;
				MTL_FAST_MATH = YES;
				SDKROOT = iphoneos;
				SWIFT_COMPILATION_MODE = wholemodule;
				SWIFT_OPTIMIZATION_LEVEL = "-O";
				VALIDATE_PRODUCT = YES;
			};
			name = Release;
		};
		C4F1430F280A9841008797A8 /* Debug */ = {
			isa = XCBuildConfiguration;
			baseConfigurationReference = 38DAC358B1F447EA3E34B6CB /* Pods-AnimeAndManga.debug.xcconfig */;
			buildSettings = {
				ASSETCATALOG_COMPILER_APPICON_NAME = AppIcon;
				ASSETCATALOG_COMPILER_GLOBAL_ACCENT_COLOR_NAME = AccentColor;
				CODE_SIGN_STYLE = Automatic;
				CURRENT_PROJECT_VERSION = 1;
				DEVELOPMENT_TEAM = 3PH3DDJ929;
				GENERATE_INFOPLIST_FILE = YES;
				INFOPLIST_FILE = AnimeAndManga/Info.plist;
				INFOPLIST_KEY_UIApplicationSupportsIndirectInputEvents = YES;
				INFOPLIST_KEY_UILaunchStoryboardName = LaunchScreen;
				INFOPLIST_KEY_UIMainStoryboardFile = Main;
				INFOPLIST_KEY_UISupportedInterfaceOrientations_iPad = "UIInterfaceOrientationPortrait UIInterfaceOrientationPortraitUpsideDown UIInterfaceOrientationLandscapeLeft UIInterfaceOrientationLandscapeRight";
				INFOPLIST_KEY_UISupportedInterfaceOrientations_iPhone = "UIInterfaceOrientationPortrait UIInterfaceOrientationLandscapeLeft UIInterfaceOrientationLandscapeRight";
				LD_RUNPATH_SEARCH_PATHS = (
					"$(inherited)",
					"@executable_path/Frameworks",
				);
				MARKETING_VERSION = 1.0;
				PRODUCT_BUNDLE_IDENTIFIER = JerryLo.mj.AnimeAndManga;
				PRODUCT_NAME = "$(TARGET_NAME)";
				SWIFT_EMIT_LOC_STRINGS = YES;
				SWIFT_VERSION = 5.0;
				TARGETED_DEVICE_FAMILY = "1,2";
			};
			name = Debug;
		};
		C4F14310280A9841008797A8 /* Release */ = {
			isa = XCBuildConfiguration;
			baseConfigurationReference = 63E1AC59BE0AD5C26B51E060 /* Pods-AnimeAndManga.release.xcconfig */;
			buildSettings = {
				ASSETCATALOG_COMPILER_APPICON_NAME = AppIcon;
				ASSETCATALOG_COMPILER_GLOBAL_ACCENT_COLOR_NAME = AccentColor;
				CODE_SIGN_STYLE = Automatic;
				CURRENT_PROJECT_VERSION = 1;
				DEVELOPMENT_TEAM = 3PH3DDJ929;
				GENERATE_INFOPLIST_FILE = YES;
				INFOPLIST_FILE = AnimeAndManga/Info.plist;
				INFOPLIST_KEY_UIApplicationSupportsIndirectInputEvents = YES;
				INFOPLIST_KEY_UILaunchStoryboardName = LaunchScreen;
				INFOPLIST_KEY_UIMainStoryboardFile = Main;
				INFOPLIST_KEY_UISupportedInterfaceOrientations_iPad = "UIInterfaceOrientationPortrait UIInterfaceOrientationPortraitUpsideDown UIInterfaceOrientationLandscapeLeft UIInterfaceOrientationLandscapeRight";
				INFOPLIST_KEY_UISupportedInterfaceOrientations_iPhone = "UIInterfaceOrientationPortrait UIInterfaceOrientationLandscapeLeft UIInterfaceOrientationLandscapeRight";
				LD_RUNPATH_SEARCH_PATHS = (
					"$(inherited)",
					"@executable_path/Frameworks",
				);
				MARKETING_VERSION = 1.0;
				PRODUCT_BUNDLE_IDENTIFIER = JerryLo.mj.AnimeAndManga;
				PRODUCT_NAME = "$(TARGET_NAME)";
				SWIFT_EMIT_LOC_STRINGS = YES;
				SWIFT_VERSION = 5.0;
				TARGETED_DEVICE_FAMILY = "1,2";
			};
			name = Release;
		};
		C4F14312280A9841008797A8 /* Debug */ = {
			isa = XCBuildConfiguration;
			baseConfigurationReference = D76132184B5F7BAECE028FB2 /* Pods-AnimeAndMangaTests.debug.xcconfig */;
			buildSettings = {
				ALWAYS_EMBED_SWIFT_STANDARD_LIBRARIES = YES;
				BUNDLE_LOADER = "$(TEST_HOST)";
				CODE_SIGN_STYLE = Automatic;
				CURRENT_PROJECT_VERSION = 1;
				DEVELOPMENT_TEAM = 3PH3DDJ929;
				GENERATE_INFOPLIST_FILE = YES;
				IPHONEOS_DEPLOYMENT_TARGET = 13.0;
				LD_RUNPATH_SEARCH_PATHS = (
					"$(inherited)",
					"@executable_path/Frameworks",
					"@loader_path/Frameworks",
				);
				MARKETING_VERSION = 1.0;
				PRODUCT_BUNDLE_IDENTIFIER = JerryLo.mj.AnimeAndMangaTests;
				PRODUCT_NAME = "$(TARGET_NAME)";
				SWIFT_EMIT_LOC_STRINGS = NO;
				SWIFT_VERSION = 5.0;
				TARGETED_DEVICE_FAMILY = "1,2";
				TEST_HOST = "$(BUILT_PRODUCTS_DIR)/AnimeAndManga.app/AnimeAndManga";
			};
			name = Debug;
		};
		C4F14313280A9841008797A8 /* Release */ = {
			isa = XCBuildConfiguration;
			baseConfigurationReference = 220885EF3C7923F55C488AC0 /* Pods-AnimeAndMangaTests.release.xcconfig */;
			buildSettings = {
				ALWAYS_EMBED_SWIFT_STANDARD_LIBRARIES = YES;
				BUNDLE_LOADER = "$(TEST_HOST)";
				CODE_SIGN_STYLE = Automatic;
				CURRENT_PROJECT_VERSION = 1;
				DEVELOPMENT_TEAM = 3PH3DDJ929;
				GENERATE_INFOPLIST_FILE = YES;
				IPHONEOS_DEPLOYMENT_TARGET = 13.0;
				LD_RUNPATH_SEARCH_PATHS = (
					"$(inherited)",
					"@executable_path/Frameworks",
					"@loader_path/Frameworks",
				);
				MARKETING_VERSION = 1.0;
				PRODUCT_BUNDLE_IDENTIFIER = JerryLo.mj.AnimeAndMangaTests;
				PRODUCT_NAME = "$(TARGET_NAME)";
				SWIFT_EMIT_LOC_STRINGS = NO;
				SWIFT_VERSION = 5.0;
				TARGETED_DEVICE_FAMILY = "1,2";
				TEST_HOST = "$(BUILT_PRODUCTS_DIR)/AnimeAndManga.app/AnimeAndManga";
			};
			name = Release;
		};
		C4F14315280A9841008797A8 /* Debug */ = {
			isa = XCBuildConfiguration;
			baseConfigurationReference = 6D936AD969790E02FE31AC98 /* Pods-AnimeAndManga-AnimeAndMangaUITests.debug.xcconfig */;
			buildSettings = {
				ALWAYS_EMBED_SWIFT_STANDARD_LIBRARIES = YES;
				CODE_SIGN_STYLE = Automatic;
				CURRENT_PROJECT_VERSION = 1;
				DEVELOPMENT_TEAM = 3PH3DDJ929;
				GENERATE_INFOPLIST_FILE = YES;
				LD_RUNPATH_SEARCH_PATHS = (
					"$(inherited)",
					"@executable_path/Frameworks",
					"@loader_path/Frameworks",
				);
				MARKETING_VERSION = 1.0;
				PRODUCT_BUNDLE_IDENTIFIER = JerryLo.mj.AnimeAndMangaUITests;
				PRODUCT_NAME = "$(TARGET_NAME)";
				SWIFT_EMIT_LOC_STRINGS = NO;
				SWIFT_VERSION = 5.0;
				TARGETED_DEVICE_FAMILY = "1,2";
				TEST_TARGET_NAME = AnimeAndManga;
			};
			name = Debug;
		};
		C4F14316280A9841008797A8 /* Release */ = {
			isa = XCBuildConfiguration;
			baseConfigurationReference = C31B62BE0CEA0A3560B6A074 /* Pods-AnimeAndManga-AnimeAndMangaUITests.release.xcconfig */;
			buildSettings = {
				ALWAYS_EMBED_SWIFT_STANDARD_LIBRARIES = YES;
				CODE_SIGN_STYLE = Automatic;
				CURRENT_PROJECT_VERSION = 1;
				DEVELOPMENT_TEAM = 3PH3DDJ929;
				GENERATE_INFOPLIST_FILE = YES;
				LD_RUNPATH_SEARCH_PATHS = (
					"$(inherited)",
					"@executable_path/Frameworks",
					"@loader_path/Frameworks",
				);
				MARKETING_VERSION = 1.0;
				PRODUCT_BUNDLE_IDENTIFIER = JerryLo.mj.AnimeAndMangaUITests;
				PRODUCT_NAME = "$(TARGET_NAME)";
				SWIFT_EMIT_LOC_STRINGS = NO;
				SWIFT_VERSION = 5.0;
				TARGETED_DEVICE_FAMILY = "1,2";
				TEST_TARGET_NAME = AnimeAndManga;
			};
			name = Release;
		};
/* End XCBuildConfiguration section */

/* Begin XCConfigurationList section */
		C4F142DF280A9838008797A8 /* Build configuration list for PBXProject "AnimeAndManga" */ = {
			isa = XCConfigurationList;
			buildConfigurations = (
				C4F1430C280A9841008797A8 /* Debug */,
				C4F1430D280A9841008797A8 /* Release */,
			);
			defaultConfigurationIsVisible = 0;
			defaultConfigurationName = Release;
		};
		C4F1430E280A9841008797A8 /* Build configuration list for PBXNativeTarget "AnimeAndManga" */ = {
			isa = XCConfigurationList;
			buildConfigurations = (
				C4F1430F280A9841008797A8 /* Debug */,
				C4F14310280A9841008797A8 /* Release */,
			);
			defaultConfigurationIsVisible = 0;
			defaultConfigurationName = Release;
		};
		C4F14311280A9841008797A8 /* Build configuration list for PBXNativeTarget "AnimeAndMangaTests" */ = {
			isa = XCConfigurationList;
			buildConfigurations = (
				C4F14312280A9841008797A8 /* Debug */,
				C4F14313280A9841008797A8 /* Release */,
			);
			defaultConfigurationIsVisible = 0;
			defaultConfigurationName = Release;
		};
		C4F14314280A9841008797A8 /* Build configuration list for PBXNativeTarget "AnimeAndMangaUITests" */ = {
			isa = XCConfigurationList;
			buildConfigurations = (
				C4F14315280A9841008797A8 /* Debug */,
				C4F14316280A9841008797A8 /* Release */,
			);
			defaultConfigurationIsVisible = 0;
			defaultConfigurationName = Release;
		};
/* End XCConfigurationList section */
	};
	rootObject = C4F142DC280A9838008797A8 /* Project object */;
}
